
Microsoft Visual Studio Solution File, Format Version 12.00
# Visual Studio Version 16
VisualStudioVersion = 16.0.31019.35
MinimumVisualStudioVersion = 10.0.40219.1
Project("{FAE04EC0-301F-11D3-BF4B-00C04F79EFBC}") = "COVID19", "COVID19\COVID19.csproj", "{A32FBB09-61C4-46AD-9138-3A155DCCEEBA}"
EndProject
Project("{9A19103F-16F7-4668-BE54-9A1E7A4F7556}") = "COVIDManager", "COVIDManager\COVIDManager.csproj", "{594EA7F1-44B3-4FDF-AE8F-9364B394FD4B}"
EndProject
Project("{FAE04EC0-301F-11D3-BF4B-00C04F79EFBC}") = "WPFCovid-19", "WPFCovid-19\WPFCovid-19.csproj", "{934BF97E-458E-464B-BA31-096A29F691E2}"
EndProject
Global
	GlobalSection(SolutionConfigurationPlatforms) = preSolution
		Debug|Any CPU = Debug|Any CPU
		Release|Any CPU = Release|Any CPU
	EndGlobalSection
	GlobalSection(ProjectConfigurationPlatforms) = postSolution
		{A32FBB09-61C4-46AD-9138-3A155DCCEEBA}.Debug|Any CPU.ActiveCfg = Debug|Any CPU
		{A32FBB09-61C4-46AD-9138-3A155DCCEEBA}.Debug|Any CPU.Build.0 = Debug|Any CPU
		{A32FBB09-61C4-46AD-9138-3A155DCCEEBA}.Release|Any CPU.ActiveCfg = Release|Any CPU
		{A32FBB09-61C4-46AD-9138-3A155DCCEEBA}.Release|Any CPU.Build.0 = Release|Any CPU
		{594EA7F1-44B3-4FDF-AE8F-9364B394FD4B}.Debug|Any CPU.ActiveCfg = Debug|Any CPU
		{594EA7F1-44B3-4FDF-AE8F-9364B394FD4B}.Debug|Any CPU.Build.0 = Debug|Any CPU
		{594EA7F1-44B3-4FDF-AE8F-9364B394FD4B}.Release|Any CPU.ActiveCfg = Release|Any CPU
		{594EA7F1-44B3-4FDF-AE8F-9364B394FD4B}.Release|Any CPU.Build.0 = Release|Any CPU
		{934BF97E-458E-464B-BA31-096A29F691E2}.Debug|Any CPU.ActiveCfg = Debug|Any CPU
		{934BF97E-458E-464B-BA31-096A29F691E2}.Debug|Any CPU.Build.0 = Debug|Any CPU
		{934BF97E-458E-464B-BA31-096A29F691E2}.Release|Any CPU.ActiveCfg = Release|Any CPU
		{934BF97E-458E-464B-BA31-096A29F691E2}.Release|Any CPU.Build.0 = Release|Any CPU
	EndGlobalSection
	GlobalSection(SolutionProperties) = preSolution
		HideSolutionNode = FALSE
	EndGlobalSection
	GlobalSection(ExtensibilityGlobals) = postSolution
		SolutionGuid = {3A47E845-2C7A-43AD-97AE-F70CADD15D71}
	EndGlobalSection
EndGlobal
